
Microsoft Visual Studio Solution File, Format Version 12.00
# Visual Studio 15
VisualStudioVersion = 15.0.26730.16
MinimumVisualStudioVersion = 10.0.40219.1
Project("{FAE04EC0-301F-11D3-BF4B-00C04F79EFBC}") = "PatientsMgmt.WPF", "PatientsMgmt.WPF\PatientsMgmt.WPF.csproj", "{3FCF7A04-EF8F-4DA9-9956-C51924BDC5D0}"
EndProject
Project("{FAE04EC0-301F-11D3-BF4B-00C04F79EFBC}") = "PatientsMgmtModel", "PatientsMgmtModel\PatientsMgmtModel.csproj", "{42B43CDF-A8A3-49FF-B98F-A4B16B6C22CC}"
EndProject
Global
	GlobalSection(SolutionConfigurationPlatforms) = preSolution
		Debug|Any CPU = Debug|Any CPU
		Release|Any CPU = Release|Any CPU
	EndGlobalSection
	GlobalSection(ProjectConfigurationPlatforms) = postSolution
		{3FCF7A04-EF8F-4DA9-9956-C51924BDC5D0}.Debug|Any CPU.ActiveCfg = Debug|Any CPU
		{3FCF7A04-EF8F-4DA9-9956-C51924BDC5D0}.Debug|Any CPU.Build.0 = Debug|Any CPU
		{3FCF7A04-EF8F-4DA9-9956-C51924BDC5D0}.Release|Any CPU.ActiveCfg = Release|Any CPU
		{3FCF7A04-EF8F-4DA9-9956-C51924BDC5D0}.Release|Any CPU.Build.0 = Release|Any CPU
		{42B43CDF-A8A3-49FF-B98F-A4B16B6C22CC}.Debug|Any CPU.ActiveCfg = Debug|Any CPU
		{42B43CDF-A8A3-49FF-B98F-A4B16B6C22CC}.Debug|Any CPU.Build.0 = Debug|Any CPU
		{42B43CDF-A8A3-49FF-B98F-A4B16B6C22CC}.Release|Any CPU.ActiveCfg = Release|Any CPU
		{42B43CDF-A8A3-49FF-B98F-A4B16B6C22CC}.Release|Any CPU.Build.0 = Release|Any CPU
	EndGlobalSection
	GlobalSection(SolutionProperties) = preSolution
		HideSolutionNode = FALSE
	EndGlobalSection
	GlobalSection(ExtensibilityGlobals) = postSolution
		SolutionGuid = {EFA3A678-39F9-4863-BD1C-FB03423F6931}
	EndGlobalSection
EndGlobal
